
Microsoft Visual Studio Solution File, Format Version 12.00
# Visual Studio Version 16
VisualStudioVersion = 16.0.29806.167
MinimumVisualStudioVersion = 15.0.26124.0
Project("{2150E333-8FDC-42A3-9474-1A3956D46DE8}") = "src", "src", "{66E0AB1F-023B-43D3-88E8-EE15C6ED9CCB}"
EndProject
Project("{FAE04EC0-301F-11D3-BF4B-00C04F79EFBC}") = "Infrastructure", "src\Infrastructure\Infrastructure.csproj", "{862B5CDA-6A58-4D78-BC16-0BB46DEE451E}"
EndProject
Project("{FAE04EC0-301F-11D3-BF4B-00C04F79EFBC}") = "API", "src\API\API.csproj", "{60D2C734-B269-40BA-A73E-7FE662F68E32}"
EndProject
Project("{FAE04EC0-301F-11D3-BF4B-00C04F79EFBC}") = "Application", "src\Application\Application.csproj", "{835C94F6-6C33-42BD-96B0-1D5D3157B601}"
EndProject
Project("{FAE04EC0-301F-11D3-BF4B-00C04F79EFBC}") = "Domain", "src\Domain\Domain.csproj", "{19BF4EE1-3DAB-4929-A489-0614293B794D}"
EndProject
Project("{FAE04EC0-301F-11D3-BF4B-00C04F79EFBC}") = "Persistence", "src\Persistence\Persistence.csproj", "{5364E421-B45A-4453-AFEB-7AFB01296C99}"
EndProject
Global
	GlobalSection(SolutionConfigurationPlatforms) = preSolution
		Debug|Any CPU = Debug|Any CPU
		Debug|x64 = Debug|x64
		Debug|x86 = Debug|x86
		Release|Any CPU = Release|Any CPU
		Release|x64 = Release|x64
		Release|x86 = Release|x86
	EndGlobalSection
	GlobalSection(ProjectConfigurationPlatforms) = postSolution
		{E6C61F5F-626B-4CA6-8CB1-C2259FE54937}.Debug|Any CPU.ActiveCfg = Debug|Any CPU
		{E6C61F5F-626B-4CA6-8CB1-C2259FE54937}.Debug|Any CPU.Build.0 = Debug|Any CPU
		{E6C61F5F-626B-4CA6-8CB1-C2259FE54937}.Debug|x64.ActiveCfg = Debug|Any CPU
		{E6C61F5F-626B-4CA6-8CB1-C2259FE54937}.Debug|x64.Build.0 = Debug|Any CPU
		{E6C61F5F-626B-4CA6-8CB1-C2259FE54937}.Debug|x86.ActiveCfg = Debug|Any CPU
		{E6C61F5F-626B-4CA6-8CB1-C2259FE54937}.Debug|x86.Build.0 = Debug|Any CPU
		{E6C61F5F-626B-4CA6-8CB1-C2259FE54937}.Release|Any CPU.ActiveCfg = Release|Any CPU
		{E6C61F5F-626B-4CA6-8CB1-C2259FE54937}.Release|Any CPU.Build.0 = Release|Any CPU
		{E6C61F5F-626B-4CA6-8CB1-C2259FE54937}.Release|x64.ActiveCfg = Release|Any CPU
		{E6C61F5F-626B-4CA6-8CB1-C2259FE54937}.Release|x64.Build.0 = Release|Any CPU
		{E6C61F5F-626B-4CA6-8CB1-C2259FE54937}.Release|x86.ActiveCfg = Release|Any CPU
		{E6C61F5F-626B-4CA6-8CB1-C2259FE54937}.Release|x86.Build.0 = Release|Any CPU
		{BD887E14-9322-4575-BE5A-0CA7B8BC3B45}.Debug|Any CPU.ActiveCfg = Debug|Any CPU
		{BD887E14-9322-4575-BE5A-0CA7B8BC3B45}.Debug|Any CPU.Build.0 = Debug|Any CPU
		{BD887E14-9322-4575-BE5A-0CA7B8BC3B45}.Debug|x64.ActiveCfg = Debug|Any CPU
		{BD887E14-9322-4575-BE5A-0CA7B8BC3B45}.Debug|x64.Build.0 = Debug|Any CPU
		{BD887E14-9322-4575-BE5A-0CA7B8BC3B45}.Debug|x86.ActiveCfg = Debug|Any CPU
		{BD887E14-9322-4575-BE5A-0CA7B8BC3B45}.Debug|x86.Build.0 = Debug|Any CPU
		{BD887E14-9322-4575-BE5A-0CA7B8BC3B45}.Release|Any CPU.ActiveCfg = Release|Any CPU
		{BD887E14-9322-4575-BE5A-0CA7B8BC3B45}.Release|Any CPU.Build.0 = Release|Any CPU
		{BD887E14-9322-4575-BE5A-0CA7B8BC3B45}.Release|x64.ActiveCfg = Release|Any CPU
		{BD887E14-9322-4575-BE5A-0CA7B8BC3B45}.Release|x64.Build.0 = Release|Any CPU
		{BD887E14-9322-4575-BE5A-0CA7B8BC3B45}.Release|x86.ActiveCfg = Release|Any CPU
		{BD887E14-9322-4575-BE5A-0CA7B8BC3B45}.Release|x86.Build.0 = Release|Any CPU
		{FF06CA9B-D582-4358-B436-B63EC8B5F54F}.Debug|Any CPU.ActiveCfg = Debug|Any CPU
		{FF06CA9B-D582-4358-B436-B63EC8B5F54F}.Debug|Any CPU.Build.0 = Debug|Any CPU
		{FF06CA9B-D582-4358-B436-B63EC8B5F54F}.Debug|x64.ActiveCfg = Debug|Any CPU
		{FF06CA9B-D582-4358-B436-B63EC8B5F54F}.Debug|x64.Build.0 = Debug|Any CPU
		{FF06CA9B-D582-4358-B436-B63EC8B5F54F}.Debug|x86.ActiveCfg = Debug|Any CPU
		{FF06CA9B-D582-4358-B436-B63EC8B5F54F}.Debug|x86.Build.0 = Debug|Any CPU
		{FF06CA9B-D582-4358-B436-B63EC8B5F54F}.Release|Any CPU.ActiveCfg = Release|Any CPU
		{FF06CA9B-D582-4358-B436-B63EC8B5F54F}.Release|Any CPU.Build.0 = Release|Any CPU
		{FF06CA9B-D582-4358-B436-B63EC8B5F54F}.Release|x64.ActiveCfg = Release|Any CPU
		{FF06CA9B-D582-4358-B436-B63EC8B5F54F}.Release|x64.Build.0 = Release|Any CPU
		{FF06CA9B-D582-4358-B436-B63EC8B5F54F}.Release|x86.ActiveCfg = Release|Any CPU
		{FF06CA9B-D582-4358-B436-B63EC8B5F54F}.Release|x86.Build.0 = Release|Any CPU
		{AEFFBEBE-2817-49DC-8FC2-95D516984ED3}.Debug|Any CPU.ActiveCfg = Debug|Any CPU
		{AEFFBEBE-2817-49DC-8FC2-95D516984ED3}.Debug|Any CPU.Build.0 = Debug|Any CPU
		{AEFFBEBE-2817-49DC-8FC2-95D516984ED3}.Debug|x64.ActiveCfg = Debug|Any CPU
		{AEFFBEBE-2817-49DC-8FC2-95D516984ED3}.Debug|x64.Build.0 = Debug|Any CPU
		{AEFFBEBE-2817-49DC-8FC2-95D516984ED3}.Debug|x86.ActiveCfg = Debug|Any CPU
		{AEFFBEBE-2817-49DC-8FC2-95D516984ED3}.Debug|x86.Build.0 = Debug|Any CPU
		{AEFFBEBE-2817-49DC-8FC2-95D516984ED3}.Release|Any CPU.ActiveCfg = Release|Any CPU
		{AEFFBEBE-2817-49DC-8FC2-95D516984ED3}.Release|Any CPU.Build.0 = Release|Any CPU
		{AEFFBEBE-2817-49DC-8FC2-95D516984ED3}.Release|x64.ActiveCfg = Release|Any CPU
		{AEFFBEBE-2817-49DC-8FC2-95D516984ED3}.Release|x64.Build.0 = Release|Any CPU
		{AEFFBEBE-2817-49DC-8FC2-95D516984ED3}.Release|x86.ActiveCfg = Release|Any CPU
		{AEFFBEBE-2817-49DC-8FC2-95D516984ED3}.Release|x86.Build.0 = Release|Any CPU
		{48C0DB97-5668-4B60-8354-1470B47699E9}.Debug|Any CPU.ActiveCfg = Debug|Any CPU
		{48C0DB97-5668-4B60-8354-1470B47699E9}.Debug|Any CPU.Build.0 = Debug|Any CPU
		{48C0DB97-5668-4B60-8354-1470B47699E9}.Debug|x64.ActiveCfg = Debug|Any CPU
		{48C0DB97-5668-4B60-8354-1470B47699E9}.Debug|x64.Build.0 = Debug|Any CPU
		{48C0DB97-5668-4B60-8354-1470B47699E9}.Debug|x86.ActiveCfg = Debug|Any CPU
		{48C0DB97-5668-4B60-8354-1470B47699E9}.Debug|x86.Build.0 = Debug|Any CPU
		{48C0DB97-5668-4B60-8354-1470B47699E9}.Release|Any CPU.ActiveCfg = Release|Any CPU
		{48C0DB97-5668-4B60-8354-1470B47699E9}.Release|Any CPU.Build.0 = Release|Any CPU
		{48C0DB97-5668-4B60-8354-1470B47699E9}.Release|x64.ActiveCfg = Release|Any CPU
		{48C0DB97-5668-4B60-8354-1470B47699E9}.Release|x64.Build.0 = Release|Any CPU
		{48C0DB97-5668-4B60-8354-1470B47699E9}.Release|x86.ActiveCfg = Release|Any CPU
		{48C0DB97-5668-4B60-8354-1470B47699E9}.Release|x86.Build.0 = Release|Any CPU
		{862B5CDA-6A58-4D78-BC16-0BB46DEE451E}.Debug|Any CPU.ActiveCfg = Debug|Any CPU
		{862B5CDA-6A58-4D78-BC16-0BB46DEE451E}.Debug|Any CPU.Build.0 = Debug|Any CPU
		{862B5CDA-6A58-4D78-BC16-0BB46DEE451E}.Debug|x64.ActiveCfg = Debug|Any CPU
		{862B5CDA-6A58-4D78-BC16-0BB46DEE451E}.Debug|x64.Build.0 = Debug|Any CPU
		{862B5CDA-6A58-4D78-BC16-0BB46DEE451E}.Debug|x86.ActiveCfg = Debug|Any CPU
		{862B5CDA-6A58-4D78-BC16-0BB46DEE451E}.Debug|x86.Build.0 = Debug|Any CPU
		{862B5CDA-6A58-4D78-BC16-0BB46DEE451E}.Release|Any CPU.ActiveCfg = Release|Any CPU
		{862B5CDA-6A58-4D78-BC16-0BB46DEE451E}.Release|Any CPU.Build.0 = Release|Any CPU
		{862B5CDA-6A58-4D78-BC16-0BB46DEE451E}.Release|x64.ActiveCfg = Release|Any CPU
		{862B5CDA-6A58-4D78-BC16-0BB46DEE451E}.Release|x64.Build.0 = Release|Any CPU
		{862B5CDA-6A58-4D78-BC16-0BB46DEE451E}.Release|x86.ActiveCfg = Release|Any CPU
		{862B5CDA-6A58-4D78-BC16-0BB46DEE451E}.Release|x86.Build.0 = Release|Any CPU
		{60D2C734-B269-40BA-A73E-7FE662F68E32}.Debug|Any CPU.ActiveCfg = Debug|Any CPU
		{60D2C734-B269-40BA-A73E-7FE662F68E32}.Debug|Any CPU.Build.0 = Debug|Any CPU
		{60D2C734-B269-40BA-A73E-7FE662F68E32}.Debug|x64.ActiveCfg = Debug|Any CPU
		{60D2C734-B269-40BA-A73E-7FE662F68E32}.Debug|x64.Build.0 = Debug|Any CPU
		{60D2C734-B269-40BA-A73E-7FE662F68E32}.Debug|x86.ActiveCfg = Debug|Any CPU
		{60D2C734-B269-40BA-A73E-7FE662F68E32}.Debug|x86.Build.0 = Debug|Any CPU
		{60D2C734-B269-40BA-A73E-7FE662F68E32}.Release|Any CPU.ActiveCfg = Release|Any CPU
		{60D2C734-B269-40BA-A73E-7FE662F68E32}.Release|Any CPU.Build.0 = Release|Any CPU
		{60D2C734-B269-40BA-A73E-7FE662F68E32}.Release|x64.ActiveCfg = Release|Any CPU
		{60D2C734-B269-40BA-A73E-7FE662F68E32}.Release|x64.Build.0 = Release|Any CPU
		{60D2C734-B269-40BA-A73E-7FE662F68E32}.Release|x86.ActiveCfg = Release|Any CPU
		{60D2C734-B269-40BA-A73E-7FE662F68E32}.Release|x86.Build.0 = Release|Any CPU
		{835C94F6-6C33-42BD-96B0-1D5D3157B601}.Debug|Any CPU.ActiveCfg = Debug|Any CPU
		{835C94F6-6C33-42BD-96B0-1D5D3157B601}.Debug|Any CPU.Build.0 = Debug|Any CPU
		{835C94F6-6C33-42BD-96B0-1D5D3157B601}.Debug|x64.ActiveCfg = Debug|Any CPU
		{835C94F6-6C33-42BD-96B0-1D5D3157B601}.Debug|x64.Build.0 = Debug|Any CPU
		{835C94F6-6C33-42BD-96B0-1D5D3157B601}.Debug|x86.ActiveCfg = Debug|Any CPU
		{835C94F6-6C33-42BD-96B0-1D5D3157B601}.Debug|x86.Build.0 = Debug|Any CPU
		{835C94F6-6C33-42BD-96B0-1D5D3157B601}.Release|Any CPU.ActiveCfg = Release|Any CPU
		{835C94F6-6C33-42BD-96B0-1D5D3157B601}.Release|Any CPU.Build.0 = Release|Any CPU
		{835C94F6-6C33-42BD-96B0-1D5D3157B601}.Release|x64.ActiveCfg = Release|Any CPU
		{835C94F6-6C33-42BD-96B0-1D5D3157B601}.Release|x64.Build.0 = Release|Any CPU
		{835C94F6-6C33-42BD-96B0-1D5D3157B601}.Release|x86.ActiveCfg = Release|Any CPU
		{835C94F6-6C33-42BD-96B0-1D5D3157B601}.Release|x86.Build.0 = Release|Any CPU
		{19BF4EE1-3DAB-4929-A489-0614293B794D}.Debug|Any CPU.ActiveCfg = Debug|Any CPU
		{19BF4EE1-3DAB-4929-A489-0614293B794D}.Debug|Any CPU.Build.0 = Debug|Any CPU
		{19BF4EE1-3DAB-4929-A489-0614293B794D}.Debug|x64.ActiveCfg = Debug|Any CPU
		{19BF4EE1-3DAB-4929-A489-0614293B794D}.Debug|x64.Build.0 = Debug|Any CPU
		{19BF4EE1-3DAB-4929-A489-0614293B794D}.Debug|x86.ActiveCfg = Debug|Any CPU
		{19BF4EE1-3DAB-4929-A489-0614293B794D}.Debug|x86.Build.0 = Debug|Any CPU
		{19BF4EE1-3DAB-4929-A489-0614293B794D}.Release|Any CPU.ActiveCfg = Release|Any CPU
		{19BF4EE1-3DAB-4929-A489-0614293B794D}.Release|Any CPU.Build.0 = Release|Any CPU
		{19BF4EE1-3DAB-4929-A489-0614293B794D}.Release|x64.ActiveCfg = Release|Any CPU
		{19BF4EE1-3DAB-4929-A489-0614293B794D}.Release|x64.Build.0 = Release|Any CPU
		{19BF4EE1-3DAB-4929-A489-0614293B794D}.Release|x86.ActiveCfg = Release|Any CPU
		{19BF4EE1-3DAB-4929-A489-0614293B794D}.Release|x86.Build.0 = Release|Any CPU
		{5364E421-B45A-4453-AFEB-7AFB01296C99}.Debug|Any CPU.ActiveCfg = Debug|Any CPU
		{5364E421-B45A-4453-AFEB-7AFB01296C99}.Debug|Any CPU.Build.0 = Debug|Any CPU
		{5364E421-B45A-4453-AFEB-7AFB01296C99}.Debug|x64.ActiveCfg = Debug|Any CPU
		{5364E421-B45A-4453-AFEB-7AFB01296C99}.Debug|x64.Build.0 = Debug|Any CPU
		{5364E421-B45A-4453-AFEB-7AFB01296C99}.Debug|x86.ActiveCfg = Debug|Any CPU
		{5364E421-B45A-4453-AFEB-7AFB01296C99}.Debug|x86.Build.0 = Debug|Any CPU
		{5364E421-B45A-4453-AFEB-7AFB01296C99}.Release|Any CPU.ActiveCfg = Release|Any CPU
		{5364E421-B45A-4453-AFEB-7AFB01296C99}.Release|Any CPU.Build.0 = Release|Any CPU
		{5364E421-B45A-4453-AFEB-7AFB01296C99}.Release|x64.ActiveCfg = Release|Any CPU
		{5364E421-B45A-4453-AFEB-7AFB01296C99}.Release|x64.Build.0 = Release|Any CPU
		{5364E421-B45A-4453-AFEB-7AFB01296C99}.Release|x86.ActiveCfg = Release|Any CPU
		{5364E421-B45A-4453-AFEB-7AFB01296C99}.Release|x86.Build.0 = Release|Any CPU
	EndGlobalSection
	GlobalSection(SolutionProperties) = preSolution
		HideSolutionNode = FALSE
	EndGlobalSection
	GlobalSection(ExtensibilityGlobals) = postSolution
		SolutionGuid = {A225FF74-ADC2-4184-A0ED-696974411ED1}
	EndGlobalSection
	GlobalSection(NestedProjects) = preSolution
		{862B5CDA-6A58-4D78-BC16-0BB46DEE451E} = {66E0AB1F-023B-43D3-88E8-EE15C6ED9CCB}
		{60D2C734-B269-40BA-A73E-7FE662F68E32} = {66E0AB1F-023B-43D3-88E8-EE15C6ED9CCB}
		{835C94F6-6C33-42BD-96B0-1D5D3157B601} = {66E0AB1F-023B-43D3-88E8-EE15C6ED9CCB}
		{19BF4EE1-3DAB-4929-A489-0614293B794D} = {66E0AB1F-023B-43D3-88E8-EE15C6ED9CCB}
		{5364E421-B45A-4453-AFEB-7AFB01296C99} = {66E0AB1F-023B-43D3-88E8-EE15C6ED9CCB}
	EndGlobalSection
EndGlobal
