
Microsoft Visual Studio Solution File, Format Version 12.00
# Visual Studio Version 16
VisualStudioVersion = 16.0.29806.167
MinimumVisualStudioVersion = 15.0.26124.0
Project("{9A19103F-16F7-4668-BE54-9A1E7A4F7556}") = "API", "src\API\API.csproj", "{E6C61F5F-626B-4CA6-8CB1-C2259FE54937}"
EndProject
Project("{9A19103F-16F7-4668-BE54-9A1E7A4F7556}") = "Application", "src\Application\Application.csproj", "{BD887E14-9322-4575-BE5A-0CA7B8BC3B45}"
EndProject
Project("{9A19103F-16F7-4668-BE54-9A1E7A4F7556}") = "Domain", "src\Domain\Domain.csproj", "{FF06CA9B-D582-4358-B436-B63EC8B5F54F}"
EndProject
Project("{9A19103F-16F7-4668-BE54-9A1E7A4F7556}") = "Persistence", "src\Persistence\Persistence.csproj", "{AEFFBEBE-2817-49DC-8FC2-95D516984ED3}"
EndProject
Project("{9092AA53-FB77-4645-B42D-1CCCA6BD08BD}") = "ClientApp", "src\ClientApp\ClientApp.njsproj", "{D8CBD90D-49DF-4E76-83C5-7A8BFB83DD77}"
EndProject
Global
	GlobalSection(SolutionConfigurationPlatforms) = preSolution
		Debug|Any CPU = Debug|Any CPU
		Debug|x64 = Debug|x64
		Debug|x86 = Debug|x86
		Release|Any CPU = Release|Any CPU
		Release|x64 = Release|x64
		Release|x86 = Release|x86
	EndGlobalSection
	GlobalSection(ProjectConfigurationPlatforms) = postSolution
		{E6C61F5F-626B-4CA6-8CB1-C2259FE54937}.Debug|Any CPU.ActiveCfg = Debug|Any CPU
		{E6C61F5F-626B-4CA6-8CB1-C2259FE54937}.Debug|Any CPU.Build.0 = Debug|Any CPU
		{E6C61F5F-626B-4CA6-8CB1-C2259FE54937}.Debug|x64.ActiveCfg = Debug|Any CPU
		{E6C61F5F-626B-4CA6-8CB1-C2259FE54937}.Debug|x64.Build.0 = Debug|Any CPU
		{E6C61F5F-626B-4CA6-8CB1-C2259FE54937}.Debug|x86.ActiveCfg = Debug|Any CPU
		{E6C61F5F-626B-4CA6-8CB1-C2259FE54937}.Debug|x86.Build.0 = Debug|Any CPU
		{E6C61F5F-626B-4CA6-8CB1-C2259FE54937}.Release|Any CPU.ActiveCfg = Release|Any CPU
		{E6C61F5F-626B-4CA6-8CB1-C2259FE54937}.Release|Any CPU.Build.0 = Release|Any CPU
		{E6C61F5F-626B-4CA6-8CB1-C2259FE54937}.Release|x64.ActiveCfg = Release|Any CPU
		{E6C61F5F-626B-4CA6-8CB1-C2259FE54937}.Release|x64.Build.0 = Release|Any CPU
		{E6C61F5F-626B-4CA6-8CB1-C2259FE54937}.Release|x86.ActiveCfg = Release|Any CPU
		{E6C61F5F-626B-4CA6-8CB1-C2259FE54937}.Release|x86.Build.0 = Release|Any CPU
		{BD887E14-9322-4575-BE5A-0CA7B8BC3B45}.Debug|Any CPU.ActiveCfg = Debug|Any CPU
		{BD887E14-9322-4575-BE5A-0CA7B8BC3B45}.Debug|Any CPU.Build.0 = Debug|Any CPU
		{BD887E14-9322-4575-BE5A-0CA7B8BC3B45}.Debug|x64.ActiveCfg = Debug|Any CPU
		{BD887E14-9322-4575-BE5A-0CA7B8BC3B45}.Debug|x64.Build.0 = Debug|Any CPU
		{BD887E14-9322-4575-BE5A-0CA7B8BC3B45}.Debug|x86.ActiveCfg = Debug|Any CPU
		{BD887E14-9322-4575-BE5A-0CA7B8BC3B45}.Debug|x86.Build.0 = Debug|Any CPU
		{BD887E14-9322-4575-BE5A-0CA7B8BC3B45}.Release|Any CPU.ActiveCfg = Release|Any CPU
		{BD887E14-9322-4575-BE5A-0CA7B8BC3B45}.Release|Any CPU.Build.0 = Release|Any CPU
		{BD887E14-9322-4575-BE5A-0CA7B8BC3B45}.Release|x64.ActiveCfg = Release|Any CPU
		{BD887E14-9322-4575-BE5A-0CA7B8BC3B45}.Release|x64.Build.0 = Release|Any CPU
		{BD887E14-9322-4575-BE5A-0CA7B8BC3B45}.Release|x86.ActiveCfg = Release|Any CPU
		{BD887E14-9322-4575-BE5A-0CA7B8BC3B45}.Release|x86.Build.0 = Release|Any CPU
		{FF06CA9B-D582-4358-B436-B63EC8B5F54F}.Debug|Any CPU.ActiveCfg = Debug|Any CPU
		{FF06CA9B-D582-4358-B436-B63EC8B5F54F}.Debug|Any CPU.Build.0 = Debug|Any CPU
		{FF06CA9B-D582-4358-B436-B63EC8B5F54F}.Debug|x64.ActiveCfg = Debug|Any CPU
		{FF06CA9B-D582-4358-B436-B63EC8B5F54F}.Debug|x64.Build.0 = Debug|Any CPU
		{FF06CA9B-D582-4358-B436-B63EC8B5F54F}.Debug|x86.ActiveCfg = Debug|Any CPU
		{FF06CA9B-D582-4358-B436-B63EC8B5F54F}.Debug|x86.Build.0 = Debug|Any CPU
		{FF06CA9B-D582-4358-B436-B63EC8B5F54F}.Release|Any CPU.ActiveCfg = Release|Any CPU
		{FF06CA9B-D582-4358-B436-B63EC8B5F54F}.Release|Any CPU.Build.0 = Release|Any CPU
		{FF06CA9B-D582-4358-B436-B63EC8B5F54F}.Release|x64.ActiveCfg = Release|Any CPU
		{FF06CA9B-D582-4358-B436-B63EC8B5F54F}.Release|x64.Build.0 = Release|Any CPU
		{FF06CA9B-D582-4358-B436-B63EC8B5F54F}.Release|x86.ActiveCfg = Release|Any CPU
		{FF06CA9B-D582-4358-B436-B63EC8B5F54F}.Release|x86.Build.0 = Release|Any CPU
		{AEFFBEBE-2817-49DC-8FC2-95D516984ED3}.Debug|Any CPU.ActiveCfg = Debug|Any CPU
		{AEFFBEBE-2817-49DC-8FC2-95D516984ED3}.Debug|Any CPU.Build.0 = Debug|Any CPU
		{AEFFBEBE-2817-49DC-8FC2-95D516984ED3}.Debug|x64.ActiveCfg = Debug|Any CPU
		{AEFFBEBE-2817-49DC-8FC2-95D516984ED3}.Debug|x64.Build.0 = Debug|Any CPU
		{AEFFBEBE-2817-49DC-8FC2-95D516984ED3}.Debug|x86.ActiveCfg = Debug|Any CPU
		{AEFFBEBE-2817-49DC-8FC2-95D516984ED3}.Debug|x86.Build.0 = Debug|Any CPU
		{AEFFBEBE-2817-49DC-8FC2-95D516984ED3}.Release|Any CPU.ActiveCfg = Release|Any CPU
		{AEFFBEBE-2817-49DC-8FC2-95D516984ED3}.Release|Any CPU.Build.0 = Release|Any CPU
		{AEFFBEBE-2817-49DC-8FC2-95D516984ED3}.Release|x64.ActiveCfg = Release|Any CPU
		{AEFFBEBE-2817-49DC-8FC2-95D516984ED3}.Release|x64.Build.0 = Release|Any CPU
		{AEFFBEBE-2817-49DC-8FC2-95D516984ED3}.Release|x86.ActiveCfg = Release|Any CPU
		{AEFFBEBE-2817-49DC-8FC2-95D516984ED3}.Release|x86.Build.0 = Release|Any CPU
		{D8CBD90D-49DF-4E76-83C5-7A8BFB83DD77}.Debug|Any CPU.ActiveCfg = Debug|Any CPU
		{D8CBD90D-49DF-4E76-83C5-7A8BFB83DD77}.Debug|Any CPU.Build.0 = Debug|Any CPU
		{D8CBD90D-49DF-4E76-83C5-7A8BFB83DD77}.Debug|x64.ActiveCfg = Debug|Any CPU
		{D8CBD90D-49DF-4E76-83C5-7A8BFB83DD77}.Debug|x64.Build.0 = Debug|Any CPU
		{D8CBD90D-49DF-4E76-83C5-7A8BFB83DD77}.Debug|x86.ActiveCfg = Debug|Any CPU
		{D8CBD90D-49DF-4E76-83C5-7A8BFB83DD77}.Debug|x86.Build.0 = Debug|Any CPU
		{D8CBD90D-49DF-4E76-83C5-7A8BFB83DD77}.Release|Any CPU.ActiveCfg = Release|Any CPU
		{D8CBD90D-49DF-4E76-83C5-7A8BFB83DD77}.Release|Any CPU.Build.0 = Release|Any CPU
		{D8CBD90D-49DF-4E76-83C5-7A8BFB83DD77}.Release|x64.ActiveCfg = Release|Any CPU
		{D8CBD90D-49DF-4E76-83C5-7A8BFB83DD77}.Release|x64.Build.0 = Release|Any CPU
		{D8CBD90D-49DF-4E76-83C5-7A8BFB83DD77}.Release|x86.ActiveCfg = Release|Any CPU
		{D8CBD90D-49DF-4E76-83C5-7A8BFB83DD77}.Release|x86.Build.0 = Release|Any CPU
	EndGlobalSection
	GlobalSection(SolutionProperties) = preSolution
		HideSolutionNode = FALSE
	EndGlobalSection
	GlobalSection(ExtensibilityGlobals) = postSolution
		SolutionGuid = {A225FF74-ADC2-4184-A0ED-696974411ED1}
	EndGlobalSection
EndGlobal
